// !$*UTF8*$!
{
	archiveVersion = 1;
	classes = {
	};
	objectVersion = 50;
	objects = {

/* Begin PBXBuildFile section */
		64004CFE291E552F00403374 /* MovieVO.swift in Sources */ = {isa = PBXBuildFile; fileRef = 64004CFD291E552F00403374 /* MovieVO.swift */; };
		64611F5E291CC208007D7020 /* MovieVO1.swift in Sources */ = {isa = PBXBuildFile; fileRef = 64611F5D291CC208007D7020 /* MovieVO1.swift */; };
		64611F61291D5689007D7020 /* MovieCell.swift in Sources */ = {isa = PBXBuildFile; fileRef = 64611F60291D5689007D7020 /* MovieCell.swift */; };
		64611F67291D5ADA007D7020 /* secret.jpg in Resources */ = {isa = PBXBuildFile; fileRef = 64611F64291D5ADA007D7020 /* secret.jpg */; };
		64611F68291D5ADA007D7020 /* darknight.jpg in Resources */ = {isa = PBXBuildFile; fileRef = 64611F65291D5ADA007D7020 /* darknight.jpg */; };
		64611F69291D5ADA007D7020 /* rain.jpg in Resources */ = {isa = PBXBuildFile; fileRef = 64611F66291D5ADA007D7020 /* rain.jpg */; };
		646A5954291C273D0065B1D8 /* AppDelegate.swift in Sources */ = {isa = PBXBuildFile; fileRef = 646A5953291C273D0065B1D8 /* AppDelegate.swift */; };
		646A5956291C273D0065B1D8 /* SceneDelegate.swift in Sources */ = {isa = PBXBuildFile; fileRef = 646A5955291C273D0065B1D8 /* SceneDelegate.swift */; };
		646A5958291C273D0065B1D8 /* ListViewController.swift in Sources */ = {isa = PBXBuildFile; fileRef = 646A5957291C273D0065B1D8 /* ListViewController.swift */; };
		646A595B291C273D0065B1D8 /* Main.storyboard in Resources */ = {isa = PBXBuildFile; fileRef = 646A5959291C273D0065B1D8 /* Main.storyboard */; };
		646A595D291C27410065B1D8 /* Assets.xcassets in Resources */ = {isa = PBXBuildFile; fileRef = 646A595C291C27410065B1D8 /* Assets.xcassets */; };
		646A5960291C27410065B1D8 /* LaunchScreen.storyboard in Resources */ = {isa = PBXBuildFile; fileRef = 646A595E291C27410065B1D8 /* LaunchScreen.storyboard */; };
/* End PBXBuildFile section */

/* Begin PBXFileReference section */
		64004CFD291E552F00403374 /* MovieVO.swift */ = {isa = PBXFileReference; fileEncoding = 4; lastKnownFileType = sourcecode.swift; name = MovieVO.swift; path = "../../Table-CellHeight/Table-CellHeight/MovieVO.swift"; sourceTree = "<group>"; };
		64611F5D291CC208007D7020 /* MovieVO1.swift */ = {isa = PBXFileReference; lastKnownFileType = sourcecode.swift; path = MovieVO1.swift; sourceTree = "<group>"; };
		64611F60291D5689007D7020 /* MovieCell.swift */ = {isa = PBXFileReference; lastKnownFileType = sourcecode.swift; path = MovieCell.swift; sourceTree = "<group>"; };
		64611F64291D5ADA007D7020 /* secret.jpg */ = {isa = PBXFileReference; lastKnownFileType = image.jpeg; path = secret.jpg; sourceTree = "<group>"; };
		64611F65291D5ADA007D7020 /* darknight.jpg */ = {isa = PBXFileReference; lastKnownFileType = image.jpeg; path = darknight.jpg; sourceTree = "<group>"; };
		64611F66291D5ADA007D7020 /* rain.jpg */ = {isa = PBXFileReference; lastKnownFileType = image.jpeg; path = rain.jpg; sourceTree = "<group>"; };
		646A5950291C273D0065B1D8 /* MyMoveChart.app */ = {isa = PBXFileReference; explicitFileType = wrapper.application; includeInIndex = 0; path = MyMoveChart.app; sourceTree = BUILT_PRODUCTS_DIR; };
		646A5953291C273D0065B1D8 /* AppDelegate.swift */ = {isa = PBXFileReference; lastKnownFileType = sourcecode.swift; path = AppDelegate.swift; sourceTree = "<group>"; };
		646A5955291C273D0065B1D8 /* SceneDelegate.swift */ = {isa = PBXFileReference; lastKnownFileType = sourcecode.swift; path = SceneDelegate.swift; sourceTree = "<group>"; };
		646A5957291C273D0065B1D8 /* ListViewController.swift */ = {isa = PBXFileReference; lastKnownFileType = sourcecode.swift; path = ListViewController.swift; sourceTree = "<group>"; };
		646A595A291C273D0065B1D8 /* Base */ = {isa = PBXFileReference; lastKnownFileType = file.storyboard; name = Base; path = Base.lproj/Main.storyboard; sourceTree = "<group>"; };
		646A595C291C27410065B1D8 /* Assets.xcassets */ = {isa = PBXFileReference; lastKnownFileType = folder.assetcatalog; path = Assets.xcassets; sourceTree = "<group>"; };
		646A595F291C27410065B1D8 /* Base */ = {isa = PBXFileReference; lastKnownFileType = file.storyboard; name = Base; path = Base.lproj/LaunchScreen.storyboard; sourceTree = "<group>"; };
		646A5961291C27410065B1D8 /* Info.plist */ = {isa = PBXFileReference; lastKnownFileType = text.plist.xml; path = Info.plist; sourceTree = "<group>"; };
/* End PBXFileReference section */

/* Begin PBXFrameworksBuildPhase section */
		646A594D291C273D0065B1D8 /* Frameworks */ = {
			isa = PBXFrameworksBuildPhase;
			buildActionMask = 2147483647;
			files = (
			);
			runOnlyForDeploymentPostprocessing = 0;
		};
/* End PBXFrameworksBuildPhase section */

/* Begin PBXGroup section */
		64611F63291D5AA5007D7020 /* Resources */ = {
			isa = PBXGroup;
			children = (
				64611F65291D5ADA007D7020 /* darknight.jpg */,
				64611F66291D5ADA007D7020 /* rain.jpg */,
				64611F64291D5ADA007D7020 /* secret.jpg */,
			);
			path = Resources;
			sourceTree = "<group>";
		};
		646A5947291C273D0065B1D8 = {
			isa = PBXGroup;
			children = (
				646A5952291C273D0065B1D8 /* MyMoveChart */,
				646A5951291C273D0065B1D8 /* Products */,
			);
			sourceTree = "<group>";
		};
		646A5951291C273D0065B1D8 /* Products */ = {
			isa = PBXGroup;
			children = (
				646A5950291C273D0065B1D8 /* MyMoveChart.app */,
			);
			name = Products;
			sourceTree = "<group>";
		};
		646A5952291C273D0065B1D8 /* MyMoveChart */ = {
			isa = PBXGroup;
			children = (
				64004CFD291E552F00403374 /* MovieVO.swift */,
				64611F63291D5AA5007D7020 /* Resources */,
				646A5953291C273D0065B1D8 /* AppDelegate.swift */,
				646A5955291C273D0065B1D8 /* SceneDelegate.swift */,
				646A5957291C273D0065B1D8 /* ListViewController.swift */,
				646A5959291C273D0065B1D8 /* Main.storyboard */,
				646A595C291C27410065B1D8 /* Assets.xcassets */,
				646A595E291C27410065B1D8 /* LaunchScreen.storyboard */,
				646A5961291C27410065B1D8 /* Info.plist */,
				64611F5D291CC208007D7020 /* MovieVO1.swift */,
				64611F60291D5689007D7020 /* MovieCell.swift */,
			);
			path = MyMoveChart;
			sourceTree = "<group>";
		};
/* End PBXGroup section */

/* Begin PBXNativeTarget section */
		646A594F291C273D0065B1D8 /* MyMoveChart */ = {
			isa = PBXNativeTarget;
			buildConfigurationList = 646A5964291C27410065B1D8 /* Build configuration list for PBXNativeTarget "MyMoveChart" */;
			buildPhases = (
				646A594C291C273D0065B1D8 /* Sources */,
				646A594D291C273D0065B1D8 /* Frameworks */,
				646A594E291C273D0065B1D8 /* Resources */,
			);
			buildRules = (
			);
			dependencies = (
			);
			name = MyMoveChart;
			productName = MyMoveChart;
			productReference = 646A5950291C273D0065B1D8 /* MyMoveChart.app */;
			productType = "com.apple.product-type.application";
		};
/* End PBXNativeTarget section */

/* Begin PBXProject section */
		646A5948291C273D0065B1D8 /* Project object */ = {
			isa = PBXProject;
			attributes = {
				LastSwiftUpdateCheck = 1230;
				LastUpgradeCheck = 1230;
				TargetAttributes = {
					646A594F291C273D0065B1D8 = {
						CreatedOnToolsVersion = 12.3;
					};
				};
			};
			buildConfigurationList = 646A594B291C273D0065B1D8 /* Build configuration list for PBXProject "MyMoveChart" */;
			compatibilityVersion = "Xcode 9.3";
			developmentRegion = en;
			hasScannedForEncodings = 0;
			knownRegions = (
				en,
				Base,
			);
			mainGroup = 646A5947291C273D0065B1D8;
			productRefGroup = 646A5951291C273D0065B1D8 /* Products */;
			projectDirPath = "";
			projectRoot = "";
			targets = (
				646A594F291C273D0065B1D8 /* MyMoveChart */,
			);
		};
/* End PBXProject section */

/* Begin PBXResourcesBuildPhase section */
		646A594E291C273D0065B1D8 /* Resources */ = {
			isa = PBXResourcesBuildPhase;
			buildActionMask = 2147483647;
			files = (
				646A5960291C27410065B1D8 /* LaunchScreen.storyboard in Resources */,
				64611F69291D5ADA007D7020 /* rain.jpg in Resources */,
				646A595D291C27410065B1D8 /* Assets.xcassets in Resources */,
				646A595B291C273D0065B1D8 /* Main.storyboard in Resources */,
				64611F67291D5ADA007D7020 /* secret.jpg in Resources */,
				64611F68291D5ADA007D7020 /* darknight.jpg in Resources */,
			);
			runOnlyForDeploymentPostprocessing = 0;
		};
/* End PBXResourcesBuildPhase section */

/* Begin PBXSourcesBuildPhase section */
		646A594C291C273D0065B1D8 /* Sources */ = {
			isa = PBXSourcesBuildPhase;
			buildActionMask = 2147483647;
			files = (
				646A5958291C273D0065B1D8 /* ListViewController.swift in Sources */,
				64611F5E291CC208007D7020 /* MovieVO1.swift in Sources */,
				646A5954291C273D0065B1D8 /* AppDelegate.swift in Sources */,
				64004CFE291E552F00403374 /* MovieVO.swift in Sources */,
				64611F61291D5689007D7020 /* MovieCell.swift in Sources */,
				646A5956291C273D0065B1D8 /* SceneDelegate.swift in Sources */,
			);
			runOnlyForDeploymentPostprocessing = 0;
		};
/* End PBXSourcesBuildPhase section */

/* Begin PBXVariantGroup section */
		646A5959291C273D0065B1D8 /* Main.storyboard */ = {
			isa = PBXVariantGroup;
			children = (
				646A595A291C273D0065B1D8 /* Base */,
			);
			name = Main.storyboard;
			sourceTree = "<group>";
		};
		646A595E291C27410065B1D8 /* LaunchScreen.storyboard */ = {
			isa = PBXVariantGroup;
			children = (
				646A595F291C27410065B1D8 /* Base */,
			);
			name = LaunchScreen.storyboard;
			sourceTree = "<group>";
		};
/* End PBXVariantGroup section */

/* Begin XCBuildConfiguration section */
		646A5962291C27410065B1D8 /* Debug */ = {
			isa = XCBuildConfiguration;
			buildSettings = {
				ALWAYS_SEARCH_USER_PATHS = NO;
				CLANG_ANALYZER_NONNULL = YES;
				CLANG_ANALYZER_NUMBER_OBJECT_CONVERSION = YES_AGGRESSIVE;
				CLANG_CXX_LANGUAGE_STANDARD = "gnu++14";
				CLANG_CXX_LIBRARY = "libc++";
				CLANG_ENABLE_MODULES = YES;
				CLANG_ENABLE_OBJC_ARC = YES;
				CLANG_ENABLE_OBJC_WEAK = YES;
				CLANG_WARN_BLOCK_CAPTURE_AUTORELEASING = YES;
				CLANG_WARN_BOOL_CONVERSION = YES;
				CLANG_WARN_COMMA = YES;
				CLANG_WARN_CONSTANT_CONVERSION = YES;
				CLANG_WARN_DEPRECATED_OBJC_IMPLEMENTATIONS = YES;
				CLANG_WARN_DIRECT_OBJC_ISA_USAGE = YES_ERROR;
				CLANG_WARN_DOCUMENTATION_COMMENTS = YES;
				CLANG_WARN_EMPTY_BODY = YES;
				CLANG_WARN_ENUM_CONVERSION = YES;
				CLANG_WARN_INFINITE_RECURSION = YES;
				CLANG_WARN_INT_CONVERSION = YES;
				CLANG_WARN_NON_LITERAL_NULL_CONVERSION = YES;
				CLANG_WARN_OBJC_IMPLICIT_RETAIN_SELF = YES;
				CLANG_WARN_OBJC_LITERAL_CONVERSION = YES;
				CLANG_WARN_OBJC_ROOT_CLASS = YES_ERROR;
				CLANG_WARN_QUOTED_INCLUDE_IN_FRAMEWORK_HEADER = YES;
				CLANG_WARN_RANGE_LOOP_ANALYSIS = YES;
				CLANG_WARN_STRICT_PROTOTYPES = YES;
				CLANG_WARN_SUSPICIOUS_MOVE = YES;
				CLANG_WARN_UNGUARDED_AVAILABILITY = YES_AGGRESSIVE;
				CLANG_WARN_UNREACHABLE_CODE = YES;
				CLANG_WARN__DUPLICATE_METHOD_MATCH = YES;
				COPY_PHASE_STRIP = NO;
				DEBUG_INFORMATION_FORMAT = dwarf;
				ENABLE_STRICT_OBJC_MSGSEND = YES;
				ENABLE_TESTABILITY = YES;
				GCC_C_LANGUAGE_STANDARD = gnu11;
				GCC_DYNAMIC_NO_PIC = NO;
				GCC_NO_COMMON_BLOCKS = YES;
				GCC_OPTIMIZATION_LEVEL = 0;
				GCC_PREPROCESSOR_DEFINITIONS = (
					"DEBUG=1",
					"$(inherited)",
				);
				GCC_WARN_64_TO_32_BIT_CONVERSION = YES;
				GCC_WARN_ABOUT_RETURN_TYPE = YES_ERROR;
				GCC_WARN_UNDECLARED_SELECTOR = YES;
				GCC_WARN_UNINITIALIZED_AUTOS = YES_AGGRESSIVE;
				GCC_WARN_UNUSED_FUNCTION = YES;
				GCC_WARN_UNUSED_VARIABLE = YES;
				IPHONEOS_DEPLOYMENT_TARGET = 14.3;
				MTL_ENABLE_DEBUG_INFO = INCLUDE_SOURCE;
				MTL_FAST_MATH = YES;
				ONLY_ACTIVE_ARCH = YES;
				SDKROOT = iphoneos;
				SWIFT_ACTIVE_COMPILATION_CONDITIONS = DEBUG;
				SWIFT_OPTIMIZATION_LEVEL = "-Onone";
			};
			name = Debug;
		};
		646A5963291C27410065B1D8 /* Release */ = {
			isa = XCBuildConfiguration;
			buildSettings = {
				ALWAYS_SEARCH_USER_PATHS = NO;
				CLANG_ANALYZER_NONNULL = YES;
				CLANG_ANALYZER_NUMBER_OBJECT_CONVERSION = YES_AGGRESSIVE;
				CLANG_CXX_LANGUAGE_STANDARD = "gnu++14";
				CLANG_CXX_LIBRARY = "libc++";
				CLANG_ENABLE_MODULES = YES;
				CLANG_ENABLE_OBJC_ARC = YES;
				CLANG_ENABLE_OBJC_WEAK = YES;
				CLANG_WARN_BLOCK_CAPTURE_AUTORELEASING = YES;
				CLANG_WARN_BOOL_CONVERSION = YES;
				CLANG_WARN_COMMA = YES;
				CLANG_WARN_CONSTANT_CONVERSION = YES;
				CLANG_WARN_DEPRECATED_OBJC_IMPLEMENTATIONS = YES;
				CLANG_WARN_DIRECT_OBJC_ISA_USAGE = YES_ERROR;
				CLANG_WARN_DOCUMENTATION_COMMENTS = YES;
				CLANG_WARN_EMPTY_BODY = YES;
				CLANG_WARN_ENUM_CONVERSION = YES;
				CLANG_WARN_INFINITE_RECURSION = YES;
				CLANG_WARN_INT_CONVERSION = YES;
				CLANG_WARN_NON_LITERAL_NULL_CONVERSION = YES;
				CLANG_WARN_OBJC_IMPLICIT_RETAIN_SELF = YES;
				CLANG_WARN_OBJC_LITERAL_CONVERSION = YES;
				CLANG_WARN_OBJC_ROOT_CLASS = YES_ERROR;
				CLANG_WARN_QUOTED_INCLUDE_IN_FRAMEWORK_HEADER = YES;
				CLANG_WARN_RANGE_LOOP_ANALYSIS = YES;
				CLANG_WARN_STRICT_PROTOTYPES = YES;
				CLANG_WARN_SUSPICIOUS_MOVE = YES;
				CLANG_WARN_UNGUARDED_AVAILABILITY = YES_AGGRESSIVE;
				CLANG_WARN_UNREACHABLE_CODE = YES;
				CLANG_WARN__DUPLICATE_METHOD_MATCH = YES;
				COPY_PHASE_STRIP = NO;
				DEBUG_INFORMATION_FORMAT = "dwarf-with-dsym";
				ENABLE_NS_ASSERTIONS = NO;
				ENABLE_STRICT_OBJC_MSGSEND = YES;
				GCC_C_LANGUAGE_STANDARD = gnu11;
				GCC_NO_COMMON_BLOCKS = YES;
				GCC_WARN_64_TO_32_BIT_CONVERSION = YES;
				GCC_WARN_ABOUT_RETURN_TYPE = YES_ERROR;
				GCC_WARN_UNDECLARED_SELECTOR = YES;
				GCC_WARN_UNINITIALIZED_AUTOS = YES_AGGRESSIVE;
				GCC_WARN_UNUSED_FUNCTION = YES;
				GCC_WARN_UNUSED_VARIABLE = YES;
				IPHONEOS_DEPLOYMENT_TARGET = 14.3;
				MTL_ENABLE_DEBUG_INFO = NO;
				MTL_FAST_MATH = YES;
				SDKROOT = iphoneos;
				SWIFT_COMPILATION_MODE = wholemodule;
				SWIFT_OPTIMIZATION_LEVEL = "-O";
				VALIDATE_PRODUCT = YES;
			};
			name = Release;
		};
		646A5965291C27410065B1D8 /* Debug */ = {
			isa = XCBuildConfiguration;
			buildSettings = {
				ASSETCATALOG_COMPILER_APPICON_NAME = AppIcon;
				ASSETCATALOG_COMPILER_GLOBAL_ACCENT_COLOR_NAME = AccentColor;
				CODE_SIGN_STYLE = Automatic;
				INFOPLIST_FILE = MyMoveChart/Info.plist;
				LD_RUNPATH_SEARCH_PATHS = (
					"$(inherited)",
					"@executable_path/Frameworks",
				);
				PRODUCT_BUNDLE_IDENTIFIER = com.smtech.MyMoveChart;
				PRODUCT_NAME = "$(TARGET_NAME)";
				SWIFT_VERSION = 5.0;
				TARGETED_DEVICE_FAMILY = 1;
			};
			name = Debug;
		};
		646A5966291C27410065B1D8 /* Release */ = {
			isa = XCBuildConfiguration;
			buildSettings = {
				ASSETCATALOG_COMPILER_APPICON_NAME = AppIcon;
				ASSETCATALOG_COMPILER_GLOBAL_ACCENT_COLOR_NAME = AccentColor;
				CODE_SIGN_STYLE = Automatic;
				INFOPLIST_FILE = MyMoveChart/Info.plist;
				LD_RUNPATH_SEARCH_PATHS = (
					"$(inherited)",
					"@executable_path/Frameworks",
				);
				PRODUCT_BUNDLE_IDENTIFIER = com.smtech.MyMoveChart;
				PRODUCT_NAME = "$(TARGET_NAME)";
				SWIFT_VERSION = 5.0;
				TARGETED_DEVICE_FAMILY = 1;
			};
			name = Release;
		};
/* End XCBuildConfiguration section */

/* Begin XCConfigurationList section */
		646A594B291C273D0065B1D8 /* Build configuration list for PBXProject "MyMoveChart" */ = {
			isa = XCConfigurationList;
			buildConfigurations = (
				646A5962291C27410065B1D8 /* Debug */,
				646A5963291C27410065B1D8 /* Release */,
			);
			defaultConfigurationIsVisible = 0;
			defaultConfigurationName = Release;
		};
		646A5964291C27410065B1D8 /* Build configuration list for PBXNativeTarget "MyMoveChart" */ = {
			isa = XCConfigurationList;
			buildConfigurations = (
				646A5965291C27410065B1D8 /* Debug */,
				646A5966291C27410065B1D8 /* Release */,
			);
			defaultConfigurationIsVisible = 0;
			defaultConfigurationName = Release;
		};
/* End XCConfigurationList section */
	};
	rootObject = 646A5948291C273D0065B1D8 /* Project object */;
}
